
Microsoft Visual Studio Solution File, Format Version 9.00
# Visual Studio 2005
Project("{FAE04EC0-301F-11D3-BF4B-00C04F79EFBC}") = "Woofy", "Woofy\Woofy.csproj", "{25F085AE-B31D-40E6-9546-0D357ECD18FE}"
EndProject
Project("{FAE04EC0-301F-11D3-BF4B-00C04F79EFBC}") = "UnitTests", "UnitTests\UnitTests.csproj", "{2F3A2ADE-0B08-4CBD-8C69-6CD3A995FCF1}"
EndProject
Project("{FAE04EC0-301F-11D3-BF4B-00C04F79EFBC}") = "ComicDefListGenerator", "ComicDefListGenerator\ComicDefListGenerator.csproj", "{C7E1E6B5-FC47-4079-89A0-5D9AF8351F03}"
EndProject
Global
	GlobalSection(SolutionConfigurationPlatforms) = preSolution
		Debug|Any CPU = Debug|Any CPU
		DebugInstaller|Any CPU = DebugInstaller|Any CPU
		Release|Any CPU = Release|Any CPU
	EndGlobalSection
	GlobalSection(ProjectConfigurationPlatforms) = postSolution
		{25F085AE-B31D-40E6-9546-0D357ECD18FE}.Debug|Any CPU.ActiveCfg = Debug|Any CPU
		{25F085AE-B31D-40E6-9546-0D357ECD18FE}.Debug|Any CPU.Build.0 = Debug|Any CPU
		{25F085AE-B31D-40E6-9546-0D357ECD18FE}.DebugInstaller|Any CPU.ActiveCfg = Debug|Any CPU
		{25F085AE-B31D-40E6-9546-0D357ECD18FE}.DebugInstaller|Any CPU.Build.0 = Debug|Any CPU
		{25F085AE-B31D-40E6-9546-0D357ECD18FE}.Release|Any CPU.ActiveCfg = Release|Any CPU
		{25F085AE-B31D-40E6-9546-0D357ECD18FE}.Release|Any CPU.Build.0 = Release|Any CPU
		{2F3A2ADE-0B08-4CBD-8C69-6CD3A995FCF1}.Debug|Any CPU.ActiveCfg = Debug|Any CPU
		{2F3A2ADE-0B08-4CBD-8C69-6CD3A995FCF1}.Debug|Any CPU.Build.0 = Debug|Any CPU
		{2F3A2ADE-0B08-4CBD-8C69-6CD3A995FCF1}.DebugInstaller|Any CPU.ActiveCfg = Debug|Any CPU
		{2F3A2ADE-0B08-4CBD-8C69-6CD3A995FCF1}.DebugInstaller|Any CPU.Build.0 = Debug|Any CPU
		{2F3A2ADE-0B08-4CBD-8C69-6CD3A995FCF1}.Release|Any CPU.ActiveCfg = Release|Any CPU
		{2F3A2ADE-0B08-4CBD-8C69-6CD3A995FCF1}.Release|Any CPU.Build.0 = Release|Any CPU
		{C7E1E6B5-FC47-4079-89A0-5D9AF8351F03}.Debug|Any CPU.ActiveCfg = Debug|Any CPU
		{C7E1E6B5-FC47-4079-89A0-5D9AF8351F03}.Debug|Any CPU.Build.0 = Debug|Any CPU
		{C7E1E6B5-FC47-4079-89A0-5D9AF8351F03}.DebugInstaller|Any CPU.ActiveCfg = Debug|Any CPU
		{C7E1E6B5-FC47-4079-89A0-5D9AF8351F03}.DebugInstaller|Any CPU.Build.0 = Debug|Any CPU
		{C7E1E6B5-FC47-4079-89A0-5D9AF8351F03}.Release|Any CPU.ActiveCfg = Release|Any CPU
		{C7E1E6B5-FC47-4079-89A0-5D9AF8351F03}.Release|Any CPU.Build.0 = Release|Any CPU
	EndGlobalSection
	GlobalSection(SolutionProperties) = preSolution
		HideSolutionNode = FALSE
	EndGlobalSection
EndGlobal
